// !$*UTF8*$!
{
	archiveVersion = 1;
	classes = {
	};
	objectVersion = 51;
	objects = {

/* Begin PBXBuildFile section */
		31A9F95325B562D200166B3E /* AppDelegate.swift in Sources */ = {isa = PBXBuildFile; fileRef = 31A9F95225B562D200166B3E /* AppDelegate.swift */; };
		31A9F95525B562D200166B3E /* SceneDelegate.swift in Sources */ = {isa = PBXBuildFile; fileRef = 31A9F95425B562D200166B3E /* SceneDelegate.swift */; };
		31A9F95725B562D200166B3E /* ViewController.swift in Sources */ = {isa = PBXBuildFile; fileRef = 31A9F95625B562D200166B3E /* ViewController.swift */; };
		31A9F95C25B562D400166B3E /* Assets.xcassets in Resources */ = {isa = PBXBuildFile; fileRef = 31A9F95B25B562D400166B3E /* Assets.xcassets */; };
		31A9F95F25B562D400166B3E /* LaunchScreen.storyboard in Resources */ = {isa = PBXBuildFile; fileRef = 31A9F95D25B562D400166B3E /* LaunchScreen.storyboard */; };
		31A9F96A25B562D500166B3E /* BowlingTests.swift in Sources */ = {isa = PBXBuildFile; fileRef = 31A9F96925B562D500166B3E /* BowlingTests.swift */; };
		31A9F97525B562D500166B3E /* BowlingUITests.swift in Sources */ = {isa = PBXBuildFile; fileRef = 31A9F97425B562D500166B3E /* BowlingUITests.swift */; };
		31CDE46625B577C0004DE90B /* SplashView.swift in Sources */ = {isa = PBXBuildFile; fileRef = 31CDE46525B577C0004DE90B /* SplashView.swift */; };
		31CDE46E25B57812004DE90B /* Global.swift in Sources */ = {isa = PBXBuildFile; fileRef = 31CDE46D25B57812004DE90B /* Global.swift */; };
		31CDE47325B57846004DE90B /* UIViewController+.swift in Sources */ = {isa = PBXBuildFile; fileRef = 31CDE47225B57846004DE90B /* UIViewController+.swift */; };
		31CDE47825B57860004DE90B /* UIColor+.swift in Sources */ = {isa = PBXBuildFile; fileRef = 31CDE47725B57860004DE90B /* UIColor+.swift */; };
		31CDE48725B5F98D004DE90B /* MainTab.swift in Sources */ = {isa = PBXBuildFile; fileRef = 31CDE48625B5F98D004DE90B /* MainTab.swift */; };
		31CDE48C25B5F9BA004DE90B /* MainTabVM.swift in Sources */ = {isa = PBXBuildFile; fileRef = 31CDE48B25B5F9BA004DE90B /* MainTabVM.swift */; };
		31CDE49425B5F9E5004DE90B /* UIImage+.swift in Sources */ = {isa = PBXBuildFile; fileRef = 31CDE49325B5F9E5004DE90B /* UIImage+.swift */; };
		31CDE49B25B6209B004DE90B /* GameHistoryVC.swift in Sources */ = {isa = PBXBuildFile; fileRef = 31CDE49A25B6209B004DE90B /* GameHistoryVC.swift */; };
		31CDE4A325B620BB004DE90B /* GameHistoryCVC.swift in Sources */ = {isa = PBXBuildFile; fileRef = 31CDE4A225B620BB004DE90B /* GameHistoryCVC.swift */; };
		31CDE4A925B62270004DE90B /* Game.swift in Sources */ = {isa = PBXBuildFile; fileRef = 31CDE4A825B62270004DE90B /* Game.swift */; };
		31CDE4B425B65D79004DE90B /* NewGameVC.swift in Sources */ = {isa = PBXBuildFile; fileRef = 31CDE4B325B65D79004DE90B /* NewGameVC.swift */; };
		31CDE4BC25B65D8B004DE90B /* GameCVC.swift in Sources */ = {isa = PBXBuildFile; fileRef = 31CDE4BB25B65D8B004DE90B /* GameCVC.swift */; };
		31CDE4C125B65D97004DE90B /* FrameCell.swift in Sources */ = {isa = PBXBuildFile; fileRef = 31CDE4C025B65D97004DE90B /* FrameCell.swift */; };
		31CDE4D025B65E38004DE90B /* NotoSansCJKkr-Black.otf in Resources */ = {isa = PBXBuildFile; fileRef = 31CDE4CB25B65E36004DE90B /* NotoSansCJKkr-Black.otf */; };
		31CDE4D125B65E38004DE90B /* BlackHanSans-Regular.ttf in Resources */ = {isa = PBXBuildFile; fileRef = 31CDE4CC25B65E36004DE90B /* BlackHanSans-Regular.ttf */; };
		31CDE4D225B65E38004DE90B /* NotoSansCJKkr-Bold.otf in Resources */ = {isa = PBXBuildFile; fileRef = 31CDE4CD25B65E36004DE90B /* NotoSansCJKkr-Bold.otf */; };
		31CDE4D325B65E38004DE90B /* NotoSansCJKkr-Regular.otf in Resources */ = {isa = PBXBuildFile; fileRef = 31CDE4CE25B65E37004DE90B /* NotoSansCJKkr-Regular.otf */; };
		31CDE4D425B65E38004DE90B /* NotoSansCJKkr-Thin.otf in Resources */ = {isa = PBXBuildFile; fileRef = 31CDE4CF25B65E38004DE90B /* NotoSansCJKkr-Thin.otf */; };
		31CDE4D925B65E55004DE90B /* UIFont+.swift in Sources */ = {isa = PBXBuildFile; fileRef = 31CDE4D825B65E55004DE90B /* UIFont+.swift */; };
		31CDE4ED25B69127004DE90B /* GameSection.swift in Sources */ = {isa = PBXBuildFile; fileRef = 31CDE4EC25B69127004DE90B /* GameSection.swift */; };
		525E48D9FA87C09832A78235 /* Pods_Bowling.framework in Frameworks */ = {isa = PBXBuildFile; fileRef = 23CE29ED6C519FC70033965D /* Pods_Bowling.framework */; };
/* End PBXBuildFile section */

/* Begin PBXContainerItemProxy section */
		31A9F96625B562D500166B3E /* PBXContainerItemProxy */ = {
			isa = PBXContainerItemProxy;
			containerPortal = 31A9F94725B562D200166B3E /* Project object */;
			proxyType = 1;
			remoteGlobalIDString = 31A9F94E25B562D200166B3E;
			remoteInfo = Bowling;
		};
		31A9F97125B562D500166B3E /* PBXContainerItemProxy */ = {
			isa = PBXContainerItemProxy;
			containerPortal = 31A9F94725B562D200166B3E /* Project object */;
			proxyType = 1;
			remoteGlobalIDString = 31A9F94E25B562D200166B3E;
			remoteInfo = Bowling;
		};
/* End PBXContainerItemProxy section */

/* Begin PBXFileReference section */
		23CE29ED6C519FC70033965D /* Pods_Bowling.framework */ = {isa = PBXFileReference; explicitFileType = wrapper.framework; includeInIndex = 0; path = Pods_Bowling.framework; sourceTree = BUILT_PRODUCTS_DIR; };
		31A9F94F25B562D200166B3E /* Bowling.app */ = {isa = PBXFileReference; explicitFileType = wrapper.application; includeInIndex = 0; path = Bowling.app; sourceTree = BUILT_PRODUCTS_DIR; };
		31A9F95225B562D200166B3E /* AppDelegate.swift */ = {isa = PBXFileReference; lastKnownFileType = sourcecode.swift; path = AppDelegate.swift; sourceTree = "<group>"; };
		31A9F95425B562D200166B3E /* SceneDelegate.swift */ = {isa = PBXFileReference; lastKnownFileType = sourcecode.swift; path = SceneDelegate.swift; sourceTree = "<group>"; };
		31A9F95625B562D200166B3E /* ViewController.swift */ = {isa = PBXFileReference; lastKnownFileType = sourcecode.swift; path = ViewController.swift; sourceTree = "<group>"; };
		31A9F95B25B562D400166B3E /* Assets.xcassets */ = {isa = PBXFileReference; lastKnownFileType = folder.assetcatalog; path = Assets.xcassets; sourceTree = "<group>"; };
		31A9F95E25B562D400166B3E /* Base */ = {isa = PBXFileReference; lastKnownFileType = file.storyboard; name = Base; path = Base.lproj/LaunchScreen.storyboard; sourceTree = "<group>"; };
		31A9F96025B562D400166B3E /* Info.plist */ = {isa = PBXFileReference; lastKnownFileType = text.plist.xml; path = Info.plist; sourceTree = "<group>"; };
		31A9F96525B562D500166B3E /* BowlingTests.xctest */ = {isa = PBXFileReference; explicitFileType = wrapper.cfbundle; includeInIndex = 0; path = BowlingTests.xctest; sourceTree = BUILT_PRODUCTS_DIR; };
		31A9F96925B562D500166B3E /* BowlingTests.swift */ = {isa = PBXFileReference; lastKnownFileType = sourcecode.swift; path = BowlingTests.swift; sourceTree = "<group>"; };
		31A9F96B25B562D500166B3E /* Info.plist */ = {isa = PBXFileReference; lastKnownFileType = text.plist.xml; path = Info.plist; sourceTree = "<group>"; };
		31A9F97025B562D500166B3E /* BowlingUITests.xctest */ = {isa = PBXFileReference; explicitFileType = wrapper.cfbundle; includeInIndex = 0; path = BowlingUITests.xctest; sourceTree = BUILT_PRODUCTS_DIR; };
		31A9F97425B562D500166B3E /* BowlingUITests.swift */ = {isa = PBXFileReference; lastKnownFileType = sourcecode.swift; path = BowlingUITests.swift; sourceTree = "<group>"; };
		31A9F97625B562D500166B3E /* Info.plist */ = {isa = PBXFileReference; lastKnownFileType = text.plist.xml; path = Info.plist; sourceTree = "<group>"; };
		31CDE46525B577C0004DE90B /* SplashView.swift */ = {isa = PBXFileReference; lastKnownFileType = sourcecode.swift; path = SplashView.swift; sourceTree = "<group>"; };
		31CDE46D25B57812004DE90B /* Global.swift */ = {isa = PBXFileReference; lastKnownFileType = sourcecode.swift; path = Global.swift; sourceTree = "<group>"; };
		31CDE47225B57846004DE90B /* UIViewController+.swift */ = {isa = PBXFileReference; lastKnownFileType = sourcecode.swift; path = "UIViewController+.swift"; sourceTree = "<group>"; };
		31CDE47725B57860004DE90B /* UIColor+.swift */ = {isa = PBXFileReference; lastKnownFileType = sourcecode.swift; path = "UIColor+.swift"; sourceTree = "<group>"; };
		31CDE48625B5F98D004DE90B /* MainTab.swift */ = {isa = PBXFileReference; lastKnownFileType = sourcecode.swift; path = MainTab.swift; sourceTree = "<group>"; };
		31CDE48B25B5F9BA004DE90B /* MainTabVM.swift */ = {isa = PBXFileReference; lastKnownFileType = sourcecode.swift; path = MainTabVM.swift; sourceTree = "<group>"; };
		31CDE49325B5F9E5004DE90B /* UIImage+.swift */ = {isa = PBXFileReference; lastKnownFileType = sourcecode.swift; path = "UIImage+.swift"; sourceTree = "<group>"; };
		31CDE49A25B6209B004DE90B /* GameHistoryVC.swift */ = {isa = PBXFileReference; lastKnownFileType = sourcecode.swift; path = GameHistoryVC.swift; sourceTree = "<group>"; };
		31CDE4A225B620BB004DE90B /* GameHistoryCVC.swift */ = {isa = PBXFileReference; lastKnownFileType = sourcecode.swift; path = GameHistoryCVC.swift; sourceTree = "<group>"; };
		31CDE4A825B62270004DE90B /* Game.swift */ = {isa = PBXFileReference; lastKnownFileType = sourcecode.swift; path = Game.swift; sourceTree = "<group>"; };
		31CDE4B325B65D79004DE90B /* NewGameVC.swift */ = {isa = PBXFileReference; lastKnownFileType = sourcecode.swift; path = NewGameVC.swift; sourceTree = "<group>"; };
		31CDE4BB25B65D8B004DE90B /* GameCVC.swift */ = {isa = PBXFileReference; lastKnownFileType = sourcecode.swift; path = GameCVC.swift; sourceTree = "<group>"; };
		31CDE4C025B65D97004DE90B /* FrameCell.swift */ = {isa = PBXFileReference; lastKnownFileType = sourcecode.swift; path = FrameCell.swift; sourceTree = "<group>"; };
		31CDE4CB25B65E36004DE90B /* NotoSansCJKkr-Black.otf */ = {isa = PBXFileReference; lastKnownFileType = file; path = "NotoSansCJKkr-Black.otf"; sourceTree = "<group>"; };
		31CDE4CC25B65E36004DE90B /* BlackHanSans-Regular.ttf */ = {isa = PBXFileReference; lastKnownFileType = file; path = "BlackHanSans-Regular.ttf"; sourceTree = "<group>"; };
		31CDE4CD25B65E36004DE90B /* NotoSansCJKkr-Bold.otf */ = {isa = PBXFileReference; lastKnownFileType = file; path = "NotoSansCJKkr-Bold.otf"; sourceTree = "<group>"; };
		31CDE4CE25B65E37004DE90B /* NotoSansCJKkr-Regular.otf */ = {isa = PBXFileReference; lastKnownFileType = file; path = "NotoSansCJKkr-Regular.otf"; sourceTree = "<group>"; };
		31CDE4CF25B65E38004DE90B /* NotoSansCJKkr-Thin.otf */ = {isa = PBXFileReference; lastKnownFileType = file; path = "NotoSansCJKkr-Thin.otf"; sourceTree = "<group>"; };
		31CDE4D825B65E55004DE90B /* UIFont+.swift */ = {isa = PBXFileReference; lastKnownFileType = sourcecode.swift; path = "UIFont+.swift"; sourceTree = "<group>"; };
		31CDE4EC25B69127004DE90B /* GameSection.swift */ = {isa = PBXFileReference; lastKnownFileType = sourcecode.swift; path = GameSection.swift; sourceTree = "<group>"; };
		81698A273552E453F798D411 /* Pods-Bowling.release.xcconfig */ = {isa = PBXFileReference; includeInIndex = 1; lastKnownFileType = text.xcconfig; name = "Pods-Bowling.release.xcconfig"; path = "Target Support Files/Pods-Bowling/Pods-Bowling.release.xcconfig"; sourceTree = "<group>"; };
		E11BDCB95FC444CCE2FCB557 /* Pods-Bowling.debug.xcconfig */ = {isa = PBXFileReference; includeInIndex = 1; lastKnownFileType = text.xcconfig; name = "Pods-Bowling.debug.xcconfig"; path = "Target Support Files/Pods-Bowling/Pods-Bowling.debug.xcconfig"; sourceTree = "<group>"; };
/* End PBXFileReference section */

/* Begin PBXFrameworksBuildPhase section */
		31A9F94C25B562D200166B3E /* Frameworks */ = {
			isa = PBXFrameworksBuildPhase;
			buildActionMask = 2147483647;
			files = (
				525E48D9FA87C09832A78235 /* Pods_Bowling.framework in Frameworks */,
			);
			runOnlyForDeploymentPostprocessing = 0;
		};
		31A9F96225B562D500166B3E /* Frameworks */ = {
			isa = PBXFrameworksBuildPhase;
			buildActionMask = 2147483647;
			files = (
			);
			runOnlyForDeploymentPostprocessing = 0;
		};
		31A9F96D25B562D500166B3E /* Frameworks */ = {
			isa = PBXFrameworksBuildPhase;
			buildActionMask = 2147483647;
			files = (
			);
			runOnlyForDeploymentPostprocessing = 0;
		};
/* End PBXFrameworksBuildPhase section */

/* Begin PBXGroup section */
		31A9F94625B562D200166B3E = {
			isa = PBXGroup;
			children = (
				31A9F95125B562D200166B3E /* Bowling */,
				31A9F96825B562D500166B3E /* BowlingTests */,
				31A9F97325B562D500166B3E /* BowlingUITests */,
				31A9F95025B562D200166B3E /* Products */,
				56931507203A2C47D34D42D4 /* Pods */,
				DB12A327C71C903064E75682 /* Frameworks */,
			);
			sourceTree = "<group>";
		};
		31A9F95025B562D200166B3E /* Products */ = {
			isa = PBXGroup;
			children = (
				31A9F94F25B562D200166B3E /* Bowling.app */,
				31A9F96525B562D500166B3E /* BowlingTests.xctest */,
				31A9F97025B562D500166B3E /* BowlingUITests.xctest */,
			);
			name = Products;
			sourceTree = "<group>";
		};
		31A9F95125B562D200166B3E /* Bowling */ = {
			isa = PBXGroup;
			children = (
				31CDE45825B570A8004DE90B /* Applicatioin */,
				31CDE45925B570B1004DE90B /* Fonts */,
				31CDE45A25B570B7004DE90B /* Extenstions */,
				31CDE46425B5777A004DE90B /* SplashView */,
				31CDE4A725B620D6004DE90B /* Game */,
				31CDE48525B5F969004DE90B /* MainTab */,
			);
			path = Bowling;
			sourceTree = "<group>";
		};
		31A9F96825B562D500166B3E /* BowlingTests */ = {
			isa = PBXGroup;
			children = (
				31A9F96925B562D500166B3E /* BowlingTests.swift */,
				31A9F96B25B562D500166B3E /* Info.plist */,
			);
			path = BowlingTests;
			sourceTree = "<group>";
		};
		31A9F97325B562D500166B3E /* BowlingUITests */ = {
			isa = PBXGroup;
			children = (
				31A9F97425B562D500166B3E /* BowlingUITests.swift */,
				31A9F97625B562D500166B3E /* Info.plist */,
			);
			path = BowlingUITests;
			sourceTree = "<group>";
		};
		31CDE45825B570A8004DE90B /* Applicatioin */ = {
			isa = PBXGroup;
			children = (
				31A9F95225B562D200166B3E /* AppDelegate.swift */,
				31A9F95425B562D200166B3E /* SceneDelegate.swift */,
				31A9F95625B562D200166B3E /* ViewController.swift */,
				31A9F95B25B562D400166B3E /* Assets.xcassets */,
				31A9F95D25B562D400166B3E /* LaunchScreen.storyboard */,
				31A9F96025B562D400166B3E /* Info.plist */,
			);
			path = Applicatioin;
			sourceTree = "<group>";
		};
		31CDE45925B570B1004DE90B /* Fonts */ = {
			isa = PBXGroup;
			children = (
				31CDE4CC25B65E36004DE90B /* BlackHanSans-Regular.ttf */,
				31CDE4CB25B65E36004DE90B /* NotoSansCJKkr-Black.otf */,
				31CDE4CD25B65E36004DE90B /* NotoSansCJKkr-Bold.otf */,
				31CDE4CE25B65E37004DE90B /* NotoSansCJKkr-Regular.otf */,
				31CDE4CF25B65E38004DE90B /* NotoSansCJKkr-Thin.otf */,
			);
			path = Fonts;
			sourceTree = "<group>";
		};
		31CDE45A25B570B7004DE90B /* Extenstions */ = {
			isa = PBXGroup;
			children = (
				31CDE46D25B57812004DE90B /* Global.swift */,
				31CDE47225B57846004DE90B /* UIViewController+.swift */,
				31CDE47725B57860004DE90B /* UIColor+.swift */,
				31CDE49325B5F9E5004DE90B /* UIImage+.swift */,
				31CDE4D825B65E55004DE90B /* UIFont+.swift */,
			);
			path = Extenstions;
			sourceTree = "<group>";
		};
		31CDE46425B5777A004DE90B /* SplashView */ = {
			isa = PBXGroup;
			children = (
				31CDE46525B577C0004DE90B /* SplashView.swift */,
			);
			path = SplashView;
			sourceTree = "<group>";
		};
		31CDE48525B5F969004DE90B /* MainTab */ = {
			isa = PBXGroup;
			children = (
				31CDE48625B5F98D004DE90B /* MainTab.swift */,
				31CDE48B25B5F9BA004DE90B /* MainTabVM.swift */,
				31CDE49825B6200E004DE90B /* NewGameTab */,
				31CDE49925B6201B004DE90B /* GameHistroyTab */,
			);
			path = MainTab;
			sourceTree = "<group>";
		};
		31CDE49825B6200E004DE90B /* NewGameTab */ = {
			isa = PBXGroup;
			children = (
				31CDE4B325B65D79004DE90B /* NewGameVC.swift */,
				31CDE4BB25B65D8B004DE90B /* GameCVC.swift */,
				31CDE4C025B65D97004DE90B /* FrameCell.swift */,
				31CDE4EC25B69127004DE90B /* GameSection.swift */,
			);
			path = NewGameTab;
			sourceTree = "<group>";
		};
		31CDE49925B6201B004DE90B /* GameHistroyTab */ = {
			isa = PBXGroup;
			children = (
				31CDE49A25B6209B004DE90B /* GameHistoryVC.swift */,
				31CDE4A225B620BB004DE90B /* GameHistoryCVC.swift */,
			);
			path = GameHistroyTab;
			sourceTree = "<group>";
		};
		31CDE4A725B620D6004DE90B /* Game */ = {
			isa = PBXGroup;
			children = (
				31CDE4A825B62270004DE90B /* Game.swift */,
			);
			path = Game;
			sourceTree = "<group>";
		};
		56931507203A2C47D34D42D4 /* Pods */ = {
			isa = PBXGroup;
			children = (
				E11BDCB95FC444CCE2FCB557 /* Pods-Bowling.debug.xcconfig */,
				81698A273552E453F798D411 /* Pods-Bowling.release.xcconfig */,
			);
			path = Pods;
			sourceTree = "<group>";
		};
		DB12A327C71C903064E75682 /* Frameworks */ = {
			isa = PBXGroup;
			children = (
				23CE29ED6C519FC70033965D /* Pods_Bowling.framework */,
			);
			name = Frameworks;
			sourceTree = "<group>";
		};
/* End PBXGroup section */

/* Begin PBXNativeTarget section */
		31A9F94E25B562D200166B3E /* Bowling */ = {
			isa = PBXNativeTarget;
			buildConfigurationList = 31A9F97925B562D500166B3E /* Build configuration list for PBXNativeTarget "Bowling" */;
			buildPhases = (
				6DF23E47339D992884D2B020 /* [CP] Check Pods Manifest.lock */,
				31A9F94B25B562D200166B3E /* Sources */,
				31A9F94C25B562D200166B3E /* Frameworks */,
				31A9F94D25B562D200166B3E /* Resources */,
				2B8899D8E7BEE81994595980 /* [CP] Embed Pods Frameworks */,
			);
			buildRules = (
			);
			dependencies = (
			);
			name = Bowling;
			productName = Bowling;
			productReference = 31A9F94F25B562D200166B3E /* Bowling.app */;
			productType = "com.apple.product-type.application";
		};
		31A9F96425B562D500166B3E /* BowlingTests */ = {
			isa = PBXNativeTarget;
			buildConfigurationList = 31A9F97C25B562D500166B3E /* Build configuration list for PBXNativeTarget "BowlingTests" */;
			buildPhases = (
				31A9F96125B562D500166B3E /* Sources */,
				31A9F96225B562D500166B3E /* Frameworks */,
				31A9F96325B562D500166B3E /* Resources */,
			);
			buildRules = (
			);
			dependencies = (
				31A9F96725B562D500166B3E /* PBXTargetDependency */,
			);
			name = BowlingTests;
			productName = BowlingTests;
			productReference = 31A9F96525B562D500166B3E /* BowlingTests.xctest */;
			productType = "com.apple.product-type.bundle.unit-test";
		};
		31A9F96F25B562D500166B3E /* BowlingUITests */ = {
			isa = PBXNativeTarget;
			buildConfigurationList = 31A9F97F25B562D500166B3E /* Build configuration list for PBXNativeTarget "BowlingUITests" */;
			buildPhases = (
				31A9F96C25B562D500166B3E /* Sources */,
				31A9F96D25B562D500166B3E /* Frameworks */,
				31A9F96E25B562D500166B3E /* Resources */,
			);
			buildRules = (
			);
			dependencies = (
				31A9F97225B562D500166B3E /* PBXTargetDependency */,
			);
			name = BowlingUITests;
			productName = BowlingUITests;
			productReference = 31A9F97025B562D500166B3E /* BowlingUITests.xctest */;
			productType = "com.apple.product-type.bundle.ui-testing";
		};
/* End PBXNativeTarget section */

/* Begin PBXProject section */
		31A9F94725B562D200166B3E /* Project object */ = {
			isa = PBXProject;
			attributes = {
				LastSwiftUpdateCheck = 1230;
				LastUpgradeCheck = 1230;
				TargetAttributes = {
					31A9F94E25B562D200166B3E = {
						CreatedOnToolsVersion = 12.3;
					};
					31A9F96425B562D500166B3E = {
						CreatedOnToolsVersion = 12.3;
						TestTargetID = 31A9F94E25B562D200166B3E;
					};
					31A9F96F25B562D500166B3E = {
						CreatedOnToolsVersion = 12.3;
						TestTargetID = 31A9F94E25B562D200166B3E;
					};
				};
			};
			buildConfigurationList = 31A9F94A25B562D200166B3E /* Build configuration list for PBXProject "Bowling" */;
			compatibilityVersion = "Xcode 9.3";
			developmentRegion = en;
			hasScannedForEncodings = 0;
			knownRegions = (
				en,
				Base,
			);
			mainGroup = 31A9F94625B562D200166B3E;
			productRefGroup = 31A9F95025B562D200166B3E /* Products */;
			projectDirPath = "";
			projectRoot = "";
			targets = (
				31A9F94E25B562D200166B3E /* Bowling */,
				31A9F96425B562D500166B3E /* BowlingTests */,
				31A9F96F25B562D500166B3E /* BowlingUITests */,
			);
		};
/* End PBXProject section */

/* Begin PBXResourcesBuildPhase section */
		31A9F94D25B562D200166B3E /* Resources */ = {
			isa = PBXResourcesBuildPhase;
			buildActionMask = 2147483647;
			files = (
				31CDE4D125B65E38004DE90B /* BlackHanSans-Regular.ttf in Resources */,
				31CDE4D325B65E38004DE90B /* NotoSansCJKkr-Regular.otf in Resources */,
				31CDE4D425B65E38004DE90B /* NotoSansCJKkr-Thin.otf in Resources */,
				31CDE4D225B65E38004DE90B /* NotoSansCJKkr-Bold.otf in Resources */,
				31A9F95F25B562D400166B3E /* LaunchScreen.storyboard in Resources */,
				31A9F95C25B562D400166B3E /* Assets.xcassets in Resources */,
				31CDE4D025B65E38004DE90B /* NotoSansCJKkr-Black.otf in Resources */,
			);
			runOnlyForDeploymentPostprocessing = 0;
		};
		31A9F96325B562D500166B3E /* Resources */ = {
			isa = PBXResourcesBuildPhase;
			buildActionMask = 2147483647;
			files = (
			);
			runOnlyForDeploymentPostprocessing = 0;
		};
		31A9F96E25B562D500166B3E /* Resources */ = {
			isa = PBXResourcesBuildPhase;
			buildActionMask = 2147483647;
			files = (
			);
			runOnlyForDeploymentPostprocessing = 0;
		};
/* End PBXResourcesBuildPhase section */

/* Begin PBXShellScriptBuildPhase section */
		2B8899D8E7BEE81994595980 /* [CP] Embed Pods Frameworks */ = {
			isa = PBXShellScriptBuildPhase;
			buildActionMask = 2147483647;
			files = (
			);
			inputFileListPaths = (
				"${PODS_ROOT}/Target Support Files/Pods-Bowling/Pods-Bowling-frameworks-${CONFIGURATION}-input-files.xcfilelist",
			);
			name = "[CP] Embed Pods Frameworks";
			outputFileListPaths = (
				"${PODS_ROOT}/Target Support Files/Pods-Bowling/Pods-Bowling-frameworks-${CONFIGURATION}-output-files.xcfilelist",
			);
			runOnlyForDeploymentPostprocessing = 0;
			shellPath = /bin/sh;
			shellScript = "\"${PODS_ROOT}/Target Support Files/Pods-Bowling/Pods-Bowling-frameworks.sh\"\n";
			showEnvVarsInLog = 0;
		};
		6DF23E47339D992884D2B020 /* [CP] Check Pods Manifest.lock */ = {
			isa = PBXShellScriptBuildPhase;
			buildActionMask = 2147483647;
			files = (
			);
			inputFileListPaths = (
			);
			inputPaths = (
				"${PODS_PODFILE_DIR_PATH}/Podfile.lock",
				"${PODS_ROOT}/Manifest.lock",
			);
			name = "[CP] Check Pods Manifest.lock";
			outputFileListPaths = (
			);
			outputPaths = (
				"$(DERIVED_FILE_DIR)/Pods-Bowling-checkManifestLockResult.txt",
			);
			runOnlyForDeploymentPostprocessing = 0;
			shellPath = /bin/sh;
			shellScript = "diff \"${PODS_PODFILE_DIR_PATH}/Podfile.lock\" \"${PODS_ROOT}/Manifest.lock\" > /dev/null\nif [ $? != 0 ] ; then\n    # print error to STDERR\n    echo \"error: The sandbox is not in sync with the Podfile.lock. Run 'pod install' or update your CocoaPods installation.\" >&2\n    exit 1\nfi\n# This output is used by Xcode 'outputs' to avoid re-running this script phase.\necho \"SUCCESS\" > \"${SCRIPT_OUTPUT_FILE_0}\"\n";
			showEnvVarsInLog = 0;
		};
/* End PBXShellScriptBuildPhase section */

/* Begin PBXSourcesBuildPhase section */
		31A9F94B25B562D200166B3E /* Sources */ = {
			isa = PBXSourcesBuildPhase;
			buildActionMask = 2147483647;
			files = (
				31A9F95725B562D200166B3E /* ViewController.swift in Sources */,
				31CDE4D925B65E55004DE90B /* UIFont+.swift in Sources */,
				31CDE4A325B620BB004DE90B /* GameHistoryCVC.swift in Sources */,
				31CDE4B425B65D79004DE90B /* NewGameVC.swift in Sources */,
				31CDE4C125B65D97004DE90B /* FrameCell.swift in Sources */,
				31CDE46625B577C0004DE90B /* SplashView.swift in Sources */,
				31CDE4A925B62270004DE90B /* Game.swift in Sources */,
				31CDE47325B57846004DE90B /* UIViewController+.swift in Sources */,
				31A9F95325B562D200166B3E /* AppDelegate.swift in Sources */,
				31CDE48725B5F98D004DE90B /* MainTab.swift in Sources */,
				31CDE46E25B57812004DE90B /* Global.swift in Sources */,
				31CDE4ED25B69127004DE90B /* GameSection.swift in Sources */,
				31CDE4BC25B65D8B004DE90B /* GameCVC.swift in Sources */,
				31A9F95525B562D200166B3E /* SceneDelegate.swift in Sources */,
				31CDE49425B5F9E5004DE90B /* UIImage+.swift in Sources */,
				31CDE49B25B6209B004DE90B /* GameHistoryVC.swift in Sources */,
				31CDE47825B57860004DE90B /* UIColor+.swift in Sources */,
				31CDE48C25B5F9BA004DE90B /* MainTabVM.swift in Sources */,
			);
			runOnlyForDeploymentPostprocessing = 0;
		};
		31A9F96125B562D500166B3E /* Sources */ = {
			isa = PBXSourcesBuildPhase;
			buildActionMask = 2147483647;
			files = (
				31A9F96A25B562D500166B3E /* BowlingTests.swift in Sources */,
			);
			runOnlyForDeploymentPostprocessing = 0;
		};
		31A9F96C25B562D500166B3E /* Sources */ = {
			isa = PBXSourcesBuildPhase;
			buildActionMask = 2147483647;
			files = (
				31A9F97525B562D500166B3E /* BowlingUITests.swift in Sources */,
			);
			runOnlyForDeploymentPostprocessing = 0;
		};
/* End PBXSourcesBuildPhase section */

/* Begin PBXTargetDependency section */
		31A9F96725B562D500166B3E /* PBXTargetDependency */ = {
			isa = PBXTargetDependency;
			target = 31A9F94E25B562D200166B3E /* Bowling */;
			targetProxy = 31A9F96625B562D500166B3E /* PBXContainerItemProxy */;
		};
		31A9F97225B562D500166B3E /* PBXTargetDependency */ = {
			isa = PBXTargetDependency;
			target = 31A9F94E25B562D200166B3E /* Bowling */;
			targetProxy = 31A9F97125B562D500166B3E /* PBXContainerItemProxy */;
		};
/* End PBXTargetDependency section */

/* Begin PBXVariantGroup section */
		31A9F95D25B562D400166B3E /* LaunchScreen.storyboard */ = {
			isa = PBXVariantGroup;
			children = (
				31A9F95E25B562D400166B3E /* Base */,
			);
			name = LaunchScreen.storyboard;
			sourceTree = "<group>";
		};
/* End PBXVariantGroup section */

/* Begin XCBuildConfiguration section */
		31A9F97725B562D500166B3E /* Debug */ = {
			isa = XCBuildConfiguration;
			buildSettings = {
				ALWAYS_SEARCH_USER_PATHS = NO;
				CLANG_ANALYZER_NONNULL = YES;
				CLANG_ANALYZER_NUMBER_OBJECT_CONVERSION = YES_AGGRESSIVE;
				CLANG_CXX_LANGUAGE_STANDARD = "gnu++14";
				CLANG_CXX_LIBRARY = "libc++";
				CLANG_ENABLE_MODULES = YES;
				CLANG_ENABLE_OBJC_ARC = YES;
				CLANG_ENABLE_OBJC_WEAK = YES;
				CLANG_WARN_BLOCK_CAPTURE_AUTORELEASING = YES;
				CLANG_WARN_BOOL_CONVERSION = YES;
				CLANG_WARN_COMMA = YES;
				CLANG_WARN_CONSTANT_CONVERSION = YES;
				CLANG_WARN_DEPRECATED_OBJC_IMPLEMENTATIONS = YES;
				CLANG_WARN_DIRECT_OBJC_ISA_USAGE = YES_ERROR;
				CLANG_WARN_DOCUMENTATION_COMMENTS = YES;
				CLANG_WARN_EMPTY_BODY = YES;
				CLANG_WARN_ENUM_CONVERSION = YES;
				CLANG_WARN_INFINITE_RECURSION = YES;
				CLANG_WARN_INT_CONVERSION = YES;
				CLANG_WARN_NON_LITERAL_NULL_CONVERSION = YES;
				CLANG_WARN_OBJC_IMPLICIT_RETAIN_SELF = YES;
				CLANG_WARN_OBJC_LITERAL_CONVERSION = YES;
				CLANG_WARN_OBJC_ROOT_CLASS = YES_ERROR;
				CLANG_WARN_QUOTED_INCLUDE_IN_FRAMEWORK_HEADER = YES;
				CLANG_WARN_RANGE_LOOP_ANALYSIS = YES;
				CLANG_WARN_STRICT_PROTOTYPES = YES;
				CLANG_WARN_SUSPICIOUS_MOVE = YES;
				CLANG_WARN_UNGUARDED_AVAILABILITY = YES_AGGRESSIVE;
				CLANG_WARN_UNREACHABLE_CODE = YES;
				CLANG_WARN__DUPLICATE_METHOD_MATCH = YES;
				COPY_PHASE_STRIP = NO;
				DEBUG_INFORMATION_FORMAT = dwarf;
				ENABLE_STRICT_OBJC_MSGSEND = YES;
				ENABLE_TESTABILITY = YES;
				GCC_C_LANGUAGE_STANDARD = gnu11;
				GCC_DYNAMIC_NO_PIC = NO;
				GCC_NO_COMMON_BLOCKS = YES;
				GCC_OPTIMIZATION_LEVEL = 0;
				GCC_PREPROCESSOR_DEFINITIONS = (
					"DEBUG=1",
					"$(inherited)",
				);
				GCC_WARN_64_TO_32_BIT_CONVERSION = YES;
				GCC_WARN_ABOUT_RETURN_TYPE = YES_ERROR;
				GCC_WARN_UNDECLARED_SELECTOR = YES;
				GCC_WARN_UNINITIALIZED_AUTOS = YES_AGGRESSIVE;
				GCC_WARN_UNUSED_FUNCTION = YES;
				GCC_WARN_UNUSED_VARIABLE = YES;
				IPHONEOS_DEPLOYMENT_TARGET = 14.3;
				MTL_ENABLE_DEBUG_INFO = INCLUDE_SOURCE;
				MTL_FAST_MATH = YES;
				ONLY_ACTIVE_ARCH = YES;
				SDKROOT = iphoneos;
				SWIFT_ACTIVE_COMPILATION_CONDITIONS = DEBUG;
				SWIFT_OPTIMIZATION_LEVEL = "-Onone";
			};
			name = Debug;
		};
		31A9F97825B562D500166B3E /* Release */ = {
			isa = XCBuildConfiguration;
			buildSettings = {
				ALWAYS_SEARCH_USER_PATHS = NO;
				CLANG_ANALYZER_NONNULL = YES;
				CLANG_ANALYZER_NUMBER_OBJECT_CONVERSION = YES_AGGRESSIVE;
				CLANG_CXX_LANGUAGE_STANDARD = "gnu++14";
				CLANG_CXX_LIBRARY = "libc++";
				CLANG_ENABLE_MODULES = YES;
				CLANG_ENABLE_OBJC_ARC = YES;
				CLANG_ENABLE_OBJC_WEAK = YES;
				CLANG_WARN_BLOCK_CAPTURE_AUTORELEASING = YES;
				CLANG_WARN_BOOL_CONVERSION = YES;
				CLANG_WARN_COMMA = YES;
				CLANG_WARN_CONSTANT_CONVERSION = YES;
				CLANG_WARN_DEPRECATED_OBJC_IMPLEMENTATIONS = YES;
				CLANG_WARN_DIRECT_OBJC_ISA_USAGE = YES_ERROR;
				CLANG_WARN_DOCUMENTATION_COMMENTS = YES;
				CLANG_WARN_EMPTY_BODY = YES;
				CLANG_WARN_ENUM_CONVERSION = YES;
				CLANG_WARN_INFINITE_RECURSION = YES;
				CLANG_WARN_INT_CONVERSION = YES;
				CLANG_WARN_NON_LITERAL_NULL_CONVERSION = YES;
				CLANG_WARN_OBJC_IMPLICIT_RETAIN_SELF = YES;
				CLANG_WARN_OBJC_LITERAL_CONVERSION = YES;
				CLANG_WARN_OBJC_ROOT_CLASS = YES_ERROR;
				CLANG_WARN_QUOTED_INCLUDE_IN_FRAMEWORK_HEADER = YES;
				CLANG_WARN_RANGE_LOOP_ANALYSIS = YES;
				CLANG_WARN_STRICT_PROTOTYPES = YES;
				CLANG_WARN_SUSPICIOUS_MOVE = YES;
				CLANG_WARN_UNGUARDED_AVAILABILITY = YES_AGGRESSIVE;
				CLANG_WARN_UNREACHABLE_CODE = YES;
				CLANG_WARN__DUPLICATE_METHOD_MATCH = YES;
				COPY_PHASE_STRIP = NO;
				DEBUG_INFORMATION_FORMAT = "dwarf-with-dsym";
				ENABLE_NS_ASSERTIONS = NO;
				ENABLE_STRICT_OBJC_MSGSEND = YES;
				GCC_C_LANGUAGE_STANDARD = gnu11;
				GCC_NO_COMMON_BLOCKS = YES;
				GCC_WARN_64_TO_32_BIT_CONVERSION = YES;
				GCC_WARN_ABOUT_RETURN_TYPE = YES_ERROR;
				GCC_WARN_UNDECLARED_SELECTOR = YES;
				GCC_WARN_UNINITIALIZED_AUTOS = YES_AGGRESSIVE;
				GCC_WARN_UNUSED_FUNCTION = YES;
				GCC_WARN_UNUSED_VARIABLE = YES;
				IPHONEOS_DEPLOYMENT_TARGET = 14.3;
				MTL_ENABLE_DEBUG_INFO = NO;
				MTL_FAST_MATH = YES;
				SDKROOT = iphoneos;
				SWIFT_COMPILATION_MODE = wholemodule;
				SWIFT_OPTIMIZATION_LEVEL = "-O";
				VALIDATE_PRODUCT = YES;
			};
			name = Release;
		};
		31A9F97A25B562D500166B3E /* Debug */ = {
			isa = XCBuildConfiguration;
			baseConfigurationReference = E11BDCB95FC444CCE2FCB557 /* Pods-Bowling.debug.xcconfig */;
			buildSettings = {
				ASSETCATALOG_COMPILER_APPICON_NAME = AppIcon;
				ASSETCATALOG_COMPILER_GLOBAL_ACCENT_COLOR_NAME = AccentColor;
				CODE_SIGN_STYLE = Automatic;
				DEVELOPMENT_TEAM = YDBB8774WP;
				INFOPLIST_FILE = "$(SRCROOT)/Bowling/Applicatioin/Info.plist";
				IPHONEOS_DEPLOYMENT_TARGET = 13.0;
				LD_RUNPATH_SEARCH_PATHS = (
					"$(inherited)",
					"@executable_path/Frameworks",
				);
				PRODUCT_BUNDLE_IDENTIFIER = com.kyoheo.Bowling;
				PRODUCT_NAME = "$(TARGET_NAME)";
				SWIFT_VERSION = 5.0;
				TARGETED_DEVICE_FAMILY = 1;
			};
			name = Debug;
		};
		31A9F97B25B562D500166B3E /* Release */ = {
			isa = XCBuildConfiguration;
			baseConfigurationReference = 81698A273552E453F798D411 /* Pods-Bowling.release.xcconfig */;
			buildSettings = {
				ASSETCATALOG_COMPILER_APPICON_NAME = AppIcon;
				ASSETCATALOG_COMPILER_GLOBAL_ACCENT_COLOR_NAME = AccentColor;
				CODE_SIGN_STYLE = Automatic;
				DEVELOPMENT_TEAM = YDBB8774WP;
				INFOPLIST_FILE = "$(SRCROOT)/Bowling/Applicatioin/Info.plist";
				IPHONEOS_DEPLOYMENT_TARGET = 13.0;
				LD_RUNPATH_SEARCH_PATHS = (
					"$(inherited)",
					"@executable_path/Frameworks",
				);
				PRODUCT_BUNDLE_IDENTIFIER = com.kyoheo.Bowling;
				PRODUCT_NAME = "$(TARGET_NAME)";
				SWIFT_VERSION = 5.0;
				TARGETED_DEVICE_FAMILY = 1;
			};
			name = Release;
		};
		31A9F97D25B562D500166B3E /* Debug */ = {
			isa = XCBuildConfiguration;
			buildSettings = {
				ALWAYS_EMBED_SWIFT_STANDARD_LIBRARIES = YES;
				BUNDLE_LOADER = "$(TEST_HOST)";
				CODE_SIGN_STYLE = Automatic;
				DEVELOPMENT_TEAM = YDBB8774WP;
				INFOPLIST_FILE = BowlingTests/Info.plist;
				IPHONEOS_DEPLOYMENT_TARGET = 14.3;
				LD_RUNPATH_SEARCH_PATHS = (
					"$(inherited)",
					"@executable_path/Frameworks",
					"@loader_path/Frameworks",
				);
				PRODUCT_BUNDLE_IDENTIFIER = com.kyoheo.BowlingTests;
				PRODUCT_NAME = "$(TARGET_NAME)";
				SWIFT_VERSION = 5.0;
				TARGETED_DEVICE_FAMILY = "1,2";
				TEST_HOST = "$(BUILT_PRODUCTS_DIR)/Bowling.app/Bowling";
			};
			name = Debug;
		};
		31A9F97E25B562D500166B3E /* Release */ = {
			isa = XCBuildConfiguration;
			buildSettings = {
				ALWAYS_EMBED_SWIFT_STANDARD_LIBRARIES = YES;
				BUNDLE_LOADER = "$(TEST_HOST)";
				CODE_SIGN_STYLE = Automatic;
				DEVELOPMENT_TEAM = YDBB8774WP;
				INFOPLIST_FILE = BowlingTests/Info.plist;
				IPHONEOS_DEPLOYMENT_TARGET = 14.3;
				LD_RUNPATH_SEARCH_PATHS = (
					"$(inherited)",
					"@executable_path/Frameworks",
					"@loader_path/Frameworks",
				);
				PRODUCT_BUNDLE_IDENTIFIER = com.kyoheo.BowlingTests;
				PRODUCT_NAME = "$(TARGET_NAME)";
				SWIFT_VERSION = 5.0;
				TARGETED_DEVICE_FAMILY = "1,2";
				TEST_HOST = "$(BUILT_PRODUCTS_DIR)/Bowling.app/Bowling";
			};
			name = Release;
		};
		31A9F98025B562D500166B3E /* Debug */ = {
			isa = XCBuildConfiguration;
			buildSettings = {
				ALWAYS_EMBED_SWIFT_STANDARD_LIBRARIES = YES;
				CODE_SIGN_STYLE = Automatic;
				DEVELOPMENT_TEAM = YDBB8774WP;
				INFOPLIST_FILE = BowlingUITests/Info.plist;
				LD_RUNPATH_SEARCH_PATHS = (
					"$(inherited)",
					"@executable_path/Frameworks",
					"@loader_path/Frameworks",
				);
				PRODUCT_BUNDLE_IDENTIFIER = com.kyoheo.BowlingUITests;
				PRODUCT_NAME = "$(TARGET_NAME)";
				SWIFT_VERSION = 5.0;
				TARGETED_DEVICE_FAMILY = "1,2";
				TEST_TARGET_NAME = Bowling;
			};
			name = Debug;
		};
		31A9F98125B562D500166B3E /* Release */ = {
			isa = XCBuildConfiguration;
			buildSettings = {
				ALWAYS_EMBED_SWIFT_STANDARD_LIBRARIES = YES;
				CODE_SIGN_STYLE = Automatic;
				DEVELOPMENT_TEAM = YDBB8774WP;
				INFOPLIST_FILE = BowlingUITests/Info.plist;
				LD_RUNPATH_SEARCH_PATHS = (
					"$(inherited)",
					"@executable_path/Frameworks",
					"@loader_path/Frameworks",
				);
				PRODUCT_BUNDLE_IDENTIFIER = com.kyoheo.BowlingUITests;
				PRODUCT_NAME = "$(TARGET_NAME)";
				SWIFT_VERSION = 5.0;
				TARGETED_DEVICE_FAMILY = "1,2";
				TEST_TARGET_NAME = Bowling;
			};
			name = Release;
		};
/* End XCBuildConfiguration section */

/* Begin XCConfigurationList section */
		31A9F94A25B562D200166B3E /* Build configuration list for PBXProject "Bowling" */ = {
			isa = XCConfigurationList;
			buildConfigurations = (
				31A9F97725B562D500166B3E /* Debug */,
				31A9F97825B562D500166B3E /* Release */,
			);
			defaultConfigurationIsVisible = 0;
			defaultConfigurationName = Release;
		};
		31A9F97925B562D500166B3E /* Build configuration list for PBXNativeTarget "Bowling" */ = {
			isa = XCConfigurationList;
			buildConfigurations = (
				31A9F97A25B562D500166B3E /* Debug */,
				31A9F97B25B562D500166B3E /* Release */,
			);
			defaultConfigurationIsVisible = 0;
			defaultConfigurationName = Release;
		};
		31A9F97C25B562D500166B3E /* Build configuration list for PBXNativeTarget "BowlingTests" */ = {
			isa = XCConfigurationList;
			buildConfigurations = (
				31A9F97D25B562D500166B3E /* Debug */,
				31A9F97E25B562D500166B3E /* Release */,
			);
			defaultConfigurationIsVisible = 0;
			defaultConfigurationName = Release;
		};
		31A9F97F25B562D500166B3E /* Build configuration list for PBXNativeTarget "BowlingUITests" */ = {
			isa = XCConfigurationList;
			buildConfigurations = (
				31A9F98025B562D500166B3E /* Debug */,
				31A9F98125B562D500166B3E /* Release */,
			);
			defaultConfigurationIsVisible = 0;
			defaultConfigurationName = Release;
		};
/* End XCConfigurationList section */
	};
	rootObject = 31A9F94725B562D200166B3E /* Project object */;
}
